
Microsoft Visual Studio Solution File, Format Version 12.00
# Visual Studio 14
VisualStudioVersion = 14.0.23107.0
MinimumVisualStudioVersion = 10.0.40219.1
Project("{FAE04EC0-301F-11D3-BF4B-00C04F79EFBC}") = "dnfs", "dnfs\dnfs.csproj", "{4BE1D9AB-70D7-4A6F-BD33-83E2F5F8109F}"
EndProject
Project("{FAE04EC0-301F-11D3-BF4B-00C04F79EFBC}") = "dnfsd", "dnfsd\dnfsd.csproj", "{A9F2C9BE-08C6-4A61-9AF5-3ABCAABB69B3}"
EndProject
Global
	GlobalSection(SolutionConfigurationPlatforms) = preSolution
		Debug|Any CPU = Debug|Any CPU
		Release|Any CPU = Release|Any CPU
	EndGlobalSection
	GlobalSection(ProjectConfigurationPlatforms) = postSolution
		{4BE1D9AB-70D7-4A6F-BD33-83E2F5F8109F}.Debug|Any CPU.ActiveCfg = Debug|Any CPU
		{4BE1D9AB-70D7-4A6F-BD33-83E2F5F8109F}.Debug|Any CPU.Build.0 = Debug|Any CPU
		{4BE1D9AB-70D7-4A6F-BD33-83E2F5F8109F}.Release|Any CPU.ActiveCfg = Release|Any CPU
		{4BE1D9AB-70D7-4A6F-BD33-83E2F5F8109F}.Release|Any CPU.Build.0 = Release|Any CPU
		{A9F2C9BE-08C6-4A61-9AF5-3ABCAABB69B3}.Debug|Any CPU.ActiveCfg = Debug|Any CPU
		{A9F2C9BE-08C6-4A61-9AF5-3ABCAABB69B3}.Debug|Any CPU.Build.0 = Debug|Any CPU
		{A9F2C9BE-08C6-4A61-9AF5-3ABCAABB69B3}.Release|Any CPU.ActiveCfg = Release|Any CPU
		{A9F2C9BE-08C6-4A61-9AF5-3ABCAABB69B3}.Release|Any CPU.Build.0 = Release|Any CPU
	EndGlobalSection
	GlobalSection(SolutionProperties) = preSolution
		HideSolutionNode = FALSE
	EndGlobalSection
EndGlobal
